
Microsoft Visual Studio Solution File, Format Version 12.00
# Visual Studio Version 16
VisualStudioVersion = 16.0.29411.108
MinimumVisualStudioVersion = 10.0.40219.1
Project("{9A19103F-16F7-4668-BE54-9A1E7A4F7556}") = "formulaOneConsole", "formulaOneConsole\formulaOneConsole.csproj", "{29860F65-79F6-4638-A6A6-A77DEDE49B12}"
EndProject
Project("{2150E333-8FDC-42A3-9474-1A3956D46DE8}") = "Solution Items", "Solution Items", "{362B2154-B1E6-456A-936B-C315FF480E36}"
	ProjectSection(SolutionItems) = preProject
		README.md = README.md
	EndProjectSection
EndProject
Project("{FAE04EC0-301F-11D3-BF4B-00C04F79EFBC}") = "FormulaOneDLL", "formulaOneDLL\FormulaOneDLL.csproj", "{78E92961-5AA8-4F32-9AED-0948AA01A369}"
EndProject
Project("{FAE04EC0-301F-11D3-BF4B-00C04F79EFBC}") = "FormulaOneWebForm", "FormulaOneWebForm\FormulaOneWebForm.csproj", "{079654D9-880E-406A-A96F-FCA35CFA2B25}"
EndProject
Project("{9A19103F-16F7-4668-BE54-9A1E7A4F7556}") = "todoApi", "todoApi\todoApi.csproj", "{EB1BC27D-4CAA-44D5-8918-3D2B0E34EDE3}"
EndProject
Project("{FAE04EC0-301F-11D3-BF4B-00C04F79EFBC}") = "formulaOneWebServices", "formulaOneWebServices\formulaOneWebServices.csproj", "{7EE887B5-083F-4372-9F0B-E5787C318374}"
EndProject
Global
	GlobalSection(SolutionConfigurationPlatforms) = preSolution
		Debug|Any CPU = Debug|Any CPU
		Release|Any CPU = Release|Any CPU
	EndGlobalSection
	GlobalSection(ProjectConfigurationPlatforms) = postSolution
		{29860F65-79F6-4638-A6A6-A77DEDE49B12}.Debug|Any CPU.ActiveCfg = Debug|Any CPU
		{29860F65-79F6-4638-A6A6-A77DEDE49B12}.Debug|Any CPU.Build.0 = Debug|Any CPU
		{29860F65-79F6-4638-A6A6-A77DEDE49B12}.Release|Any CPU.ActiveCfg = Release|Any CPU
		{29860F65-79F6-4638-A6A6-A77DEDE49B12}.Release|Any CPU.Build.0 = Release|Any CPU
		{78E92961-5AA8-4F32-9AED-0948AA01A369}.Debug|Any CPU.ActiveCfg = Debug|Any CPU
		{78E92961-5AA8-4F32-9AED-0948AA01A369}.Debug|Any CPU.Build.0 = Debug|Any CPU
		{78E92961-5AA8-4F32-9AED-0948AA01A369}.Release|Any CPU.ActiveCfg = Release|Any CPU
		{78E92961-5AA8-4F32-9AED-0948AA01A369}.Release|Any CPU.Build.0 = Release|Any CPU
		{079654D9-880E-406A-A96F-FCA35CFA2B25}.Debug|Any CPU.ActiveCfg = Debug|Any CPU
		{079654D9-880E-406A-A96F-FCA35CFA2B25}.Debug|Any CPU.Build.0 = Debug|Any CPU
		{079654D9-880E-406A-A96F-FCA35CFA2B25}.Release|Any CPU.ActiveCfg = Release|Any CPU
		{079654D9-880E-406A-A96F-FCA35CFA2B25}.Release|Any CPU.Build.0 = Release|Any CPU
		{EB1BC27D-4CAA-44D5-8918-3D2B0E34EDE3}.Debug|Any CPU.ActiveCfg = Debug|Any CPU
		{EB1BC27D-4CAA-44D5-8918-3D2B0E34EDE3}.Debug|Any CPU.Build.0 = Debug|Any CPU
		{EB1BC27D-4CAA-44D5-8918-3D2B0E34EDE3}.Release|Any CPU.ActiveCfg = Release|Any CPU
		{EB1BC27D-4CAA-44D5-8918-3D2B0E34EDE3}.Release|Any CPU.Build.0 = Release|Any CPU
		{7EE887B5-083F-4372-9F0B-E5787C318374}.Debug|Any CPU.ActiveCfg = Debug|Any CPU
		{7EE887B5-083F-4372-9F0B-E5787C318374}.Debug|Any CPU.Build.0 = Debug|Any CPU
		{7EE887B5-083F-4372-9F0B-E5787C318374}.Release|Any CPU.ActiveCfg = Release|Any CPU
		{7EE887B5-083F-4372-9F0B-E5787C318374}.Release|Any CPU.Build.0 = Release|Any CPU
	EndGlobalSection
	GlobalSection(SolutionProperties) = preSolution
		HideSolutionNode = FALSE
	EndGlobalSection
	GlobalSection(ExtensibilityGlobals) = postSolution
		SolutionGuid = {2805BB0C-AD64-48E3-A6D5-05167845F5EC}
	EndGlobalSection
EndGlobal
